
Microsoft Visual Studio Solution File, Format Version 12.00
# Visual Studio Version 16
VisualStudioVersion = 16.0.29709.97
MinimumVisualStudioVersion = 10.0.40219.1
Project("{9A19103F-16F7-4668-BE54-9A1E7A4F7556}") = "GremlinNetSample", "GremlinNetSample\GremlinNetSample.csproj", "{B0854D92-18C5-4008-B3F4-329B46A6F52D}"
EndProject
Global
	GlobalSection(SolutionConfigurationPlatforms) = preSolution
		Debug|Any CPU = Debug|Any CPU
		Release|Any CPU = Release|Any CPU
	EndGlobalSection
	GlobalSection(ProjectConfigurationPlatforms) = postSolution
		{B0854D92-18C5-4008-B3F4-329B46A6F52D}.Debug|Any CPU.ActiveCfg = Debug|Any CPU
		{B0854D92-18C5-4008-B3F4-329B46A6F52D}.Debug|Any CPU.Build.0 = Debug|Any CPU
		{B0854D92-18C5-4008-B3F4-329B46A6F52D}.Release|Any CPU.ActiveCfg = Release|Any CPU
		{B0854D92-18C5-4008-B3F4-329B46A6F52D}.Release|Any CPU.Build.0 = Release|Any CPU
	EndGlobalSection
	GlobalSection(SolutionProperties) = preSolution
		HideSolutionNode = FALSE
	EndGlobalSection
	GlobalSection(ExtensibilityGlobals) = postSolution
		SolutionGuid = {7DF43929-FF2F-47CC-AFB0-7F455FAA7DF6}
	EndGlobalSection
EndGlobal
